
Microsoft Visual Studio Solution File, Format Version 12.00
# Visual Studio Version 16
VisualStudioVersion = 16.0.29926.136
MinimumVisualStudioVersion = 10.0.40219.1
Project("{FAE04EC0-301F-11D3-BF4B-00C04F79EFBC}") = "WebMVCFlashCards", "WebMVCFlashCards.csproj", "{FBCD0179-74A5-4A6B-B3FA-C43F28EC0601}"
EndProject
Global
	GlobalSection(SolutionConfigurationPlatforms) = preSolution
		Debug|Any CPU = Debug|Any CPU
		Release|Any CPU = Release|Any CPU
	EndGlobalSection
	GlobalSection(ProjectConfigurationPlatforms) = postSolution
		{FBCD0179-74A5-4A6B-B3FA-C43F28EC0601}.Debug|Any CPU.ActiveCfg = Debug|Any CPU
		{FBCD0179-74A5-4A6B-B3FA-C43F28EC0601}.Debug|Any CPU.Build.0 = Debug|Any CPU
		{FBCD0179-74A5-4A6B-B3FA-C43F28EC0601}.Release|Any CPU.ActiveCfg = Release|Any CPU
		{FBCD0179-74A5-4A6B-B3FA-C43F28EC0601}.Release|Any CPU.Build.0 = Release|Any CPU
	EndGlobalSection
	GlobalSection(SolutionProperties) = preSolution
		HideSolutionNode = FALSE
	EndGlobalSection
	GlobalSection(ExtensibilityGlobals) = postSolution
		SolutionGuid = {AEF6399E-31DD-421B-828D-4DB0747FF05D}
	EndGlobalSection
EndGlobal
